
Microsoft Visual Studio Solution File, Format Version 12.00
Project("{FAE04EC0-301F-11D3-BF4B-00C04F79EFBC}") = "skolski-sistem-common", "skolski-sistem-common\skolski-sistem-common.csproj", "{4DDAE305-AD11-479D-B1FD-3391CA77EBDF}"
EndProject
Project("{FAE04EC0-301F-11D3-BF4B-00C04F79EFBC}") = "skolski-sistem-server", "skolski-sistem-server\skolski-sistem-server.csproj", "{AA9D37EB-781F-410F-BB1C-FE5C997DBDF3}"
EndProject
Project("{FAE04EC0-301F-11D3-BF4B-00C04F79EFBC}") = "skolski-sistem-client", "skolski-sistem-client\skolski-sistem-client.csproj", "{D28B5992-B8F7-4305-A054-05CC80E5520B}"
EndProject
Global
	GlobalSection(SolutionConfigurationPlatforms) = preSolution
		Debug|Any CPU = Debug|Any CPU
		Release|Any CPU = Release|Any CPU
	EndGlobalSection
	GlobalSection(ProjectConfigurationPlatforms) = postSolution
		{4DDAE305-AD11-479D-B1FD-3391CA77EBDF}.Debug|Any CPU.ActiveCfg = Debug|Any CPU
		{4DDAE305-AD11-479D-B1FD-3391CA77EBDF}.Debug|Any CPU.Build.0 = Debug|Any CPU
		{4DDAE305-AD11-479D-B1FD-3391CA77EBDF}.Release|Any CPU.ActiveCfg = Release|Any CPU
		{4DDAE305-AD11-479D-B1FD-3391CA77EBDF}.Release|Any CPU.Build.0 = Release|Any CPU
		{AA9D37EB-781F-410F-BB1C-FE5C997DBDF3}.Debug|Any CPU.ActiveCfg = Debug|Any CPU
		{AA9D37EB-781F-410F-BB1C-FE5C997DBDF3}.Debug|Any CPU.Build.0 = Debug|Any CPU
		{AA9D37EB-781F-410F-BB1C-FE5C997DBDF3}.Release|Any CPU.ActiveCfg = Release|Any CPU
		{AA9D37EB-781F-410F-BB1C-FE5C997DBDF3}.Release|Any CPU.Build.0 = Release|Any CPU
		{D28B5992-B8F7-4305-A054-05CC80E5520B}.Debug|Any CPU.ActiveCfg = Debug|Any CPU
		{D28B5992-B8F7-4305-A054-05CC80E5520B}.Debug|Any CPU.Build.0 = Debug|Any CPU
		{D28B5992-B8F7-4305-A054-05CC80E5520B}.Release|Any CPU.ActiveCfg = Release|Any CPU
		{D28B5992-B8F7-4305-A054-05CC80E5520B}.Release|Any CPU.Build.0 = Release|Any CPU
	EndGlobalSection
EndGlobal
